{
  "name": "campuspulse-platform",
  "version": "2.0.0",
  "lockfileVersion": 3,
  "requires": true,
  "packages": {
    "": {
      "name": "campuspulse-platform",
      "version": "2.0.0",
      "dependencies": {
        "express": "^4.18.2",
        "express-session": "^1.17.3"
      }
    }
  }
}
